{
    "_meta": {
        "hash": {
            "sha256": "0467a47ac1fd558364c5de048c17f82dfd37d1bbbd0aaba430bec316a7a67168"
        },
        "pipfile-spec": 6,
        "requires": {
            "python_version": "3.10"
        },
        "sources": [
            {
                "name": "pypi",
                "url": "https://pypi.org/simple",
                "verify_ssl": true
            }
        ]
    },
    "default": {
        "cowsay": {
            "hashes": [
                "sha256:274b1e6fc1b966d53976333eb90ac94cb07a450a700b455af9fbdf882244b30a"
            ],
            "index": "pypi",
            "markers": "python_version >= '3.8'",
            "version": "==6.1"
        },
        "py4j": {
            "hashes": [
                "sha256:c7c26e4158defb37b0bb124933163641a2ff6e3a3913f7811b0ddbe07ed61533",
                "sha256:f694cad19efa5bd1dee4f3e5270eb406613c974394035e5bfc4ec1aba870b879"
            ],
            "version": "==0.10.9.9"
        },
        "pyspark": {
            "hashes": [
                "sha256:38db1b4f6095a080d7605e578d775528990e66dc326311d93e94a71cfc24e5a5"
            ],
            "index": "pypi",
            "markers": "python_version >= '3.9'",
            "version": "==4.0.0"
        },
        "venv-pack": {
            "hashes": [
                "sha256:33bbed48728bd5d1fee0a89c3082702b5d100c8021b2da9ea384b23ac410d3cd",
                "sha256:95c5a51b8e5576143843b7693e1ac275c627348477562669bcd250847fa08136"
            ],
            "index": "pypi",
            "version": "==0.2.0"
        }
    },
    "develop": {}
}
