{
    "_meta": {
        "hash": {
            "sha256": "32604c36ade4d7bd660fff5414809f30f67344a85bea8048828219472e911eb1"
        },
        "pipfile-spec": 6,
        "requires": {
            "python_version": "3.10"
        },
        "sources": [
            {
                "name": "pypi",
                "url": "https://pypi.org/simple",
                "verify_ssl": true
            }
        ]
    },
    "default": {
        "py4j": {
            "hashes": [
                "sha256:c7c26e4158defb37b0bb124933163641a2ff6e3a3913f7811b0ddbe07ed61533",
                "sha256:f694cad19efa5bd1dee4f3e5270eb406613c974394035e5bfc4ec1aba870b879"
            ],
            "version": "==0.10.9.9"
        },
        "pyspark": {
            "hashes": [
                "sha256:38db1b4f6095a080d7605e578d775528990e66dc326311d93e94a71cfc24e5a5"
            ],
            "index": "pypi",
            "markers": "python_version >= '3.9'",
            "version": "==4.0.0"
        }
    },
    "develop": {}
}
